
Microsoft Visual Studio Solution File, Format Version 12.00
# Visual Studio 2012
Project("{FAE04EC0-301F-11D3-BF4B-00C04F79EFBC}") = "Dmicic.ModelChangeTracking", "Dmicic.ModelChangeTracking\Dmicic.ModelChangeTracking.csproj", "{ADA064B9-F0D5-451A-A25C-EAF579A2F393}"
EndProject
Project("{FAE04EC0-301F-11D3-BF4B-00C04F79EFBC}") = "Dmicic.ModelChangeTracking.Ui", "Dmicic.ModelChangeTracking.Ui\Dmicic.ModelChangeTracking.Ui.csproj", "{B35EC200-29CE-4B05-9AE4-98AE0C2EBD88}"
EndProject
Project("{2150E333-8FDC-42A3-9474-1A3956D46DE8}") = "Tools", "Tools", "{90053BA9-B187-4103-8127-017ED310A95A}"
	ProjectSection(SolutionItems) = preProject
		Tools\NuGet.exe = Tools\NuGet.exe
	EndProjectSection
EndProject
Global
	GlobalSection(SolutionConfigurationPlatforms) = preSolution
		Debug|Any CPU = Debug|Any CPU
		Release|Any CPU = Release|Any CPU
	EndGlobalSection
	GlobalSection(ProjectConfigurationPlatforms) = postSolution
		{ADA064B9-F0D5-451A-A25C-EAF579A2F393}.Debug|Any CPU.ActiveCfg = Debug|Any CPU
		{ADA064B9-F0D5-451A-A25C-EAF579A2F393}.Debug|Any CPU.Build.0 = Debug|Any CPU
		{ADA064B9-F0D5-451A-A25C-EAF579A2F393}.Release|Any CPU.ActiveCfg = Release|Any CPU
		{ADA064B9-F0D5-451A-A25C-EAF579A2F393}.Release|Any CPU.Build.0 = Release|Any CPU
		{B35EC200-29CE-4B05-9AE4-98AE0C2EBD88}.Debug|Any CPU.ActiveCfg = Debug|Any CPU
		{B35EC200-29CE-4B05-9AE4-98AE0C2EBD88}.Debug|Any CPU.Build.0 = Debug|Any CPU
		{B35EC200-29CE-4B05-9AE4-98AE0C2EBD88}.Release|Any CPU.ActiveCfg = Release|Any CPU
		{B35EC200-29CE-4B05-9AE4-98AE0C2EBD88}.Release|Any CPU.Build.0 = Release|Any CPU
	EndGlobalSection
	GlobalSection(SolutionProperties) = preSolution
		HideSolutionNode = FALSE
	EndGlobalSection
EndGlobal
